
Microsoft Visual Studio Solution File, Format Version 12.00
# Visual Studio Version 17
VisualStudioVersion = 17.11.35208.52
MinimumVisualStudioVersion = 10.0.40219.1
Project("{FAE04EC0-301F-11D3-BF4B-00C04F79EFBC}") = "Proyecto_SISCI", "Proyecto_SISCI\Proyecto_SISCI.csproj", "{5A14F342-3759-4F6E-A6CC-D87278FFD937}"
EndProject
Project("{FAE04EC0-301F-11D3-BF4B-00C04F79EFBC}") = "Sensores", "Clases\Sensores.csproj", "{488A4912-B400-467A-ADBA-88A8A07DA899}"
EndProject
Project("{FAE04EC0-301F-11D3-BF4B-00C04F79EFBC}") = "Mapa", "Mapa\Mapa.csproj", "{42A24376-E77E-4CAB-ABF2-BE906DB77575}"
EndProject
Global
	GlobalSection(SolutionConfigurationPlatforms) = preSolution
		Debug|Any CPU = Debug|Any CPU
		Release|Any CPU = Release|Any CPU
	EndGlobalSection
	GlobalSection(ProjectConfigurationPlatforms) = postSolution
		{5A14F342-3759-4F6E-A6CC-D87278FFD937}.Debug|Any CPU.ActiveCfg = Debug|Any CPU
		{5A14F342-3759-4F6E-A6CC-D87278FFD937}.Debug|Any CPU.Build.0 = Debug|Any CPU
		{5A14F342-3759-4F6E-A6CC-D87278FFD937}.Release|Any CPU.ActiveCfg = Release|Any CPU
		{5A14F342-3759-4F6E-A6CC-D87278FFD937}.Release|Any CPU.Build.0 = Release|Any CPU
		{488A4912-B400-467A-ADBA-88A8A07DA899}.Debug|Any CPU.ActiveCfg = Debug|Any CPU
		{488A4912-B400-467A-ADBA-88A8A07DA899}.Debug|Any CPU.Build.0 = Debug|Any CPU
		{488A4912-B400-467A-ADBA-88A8A07DA899}.Release|Any CPU.ActiveCfg = Release|Any CPU
		{488A4912-B400-467A-ADBA-88A8A07DA899}.Release|Any CPU.Build.0 = Release|Any CPU
		{42A24376-E77E-4CAB-ABF2-BE906DB77575}.Debug|Any CPU.ActiveCfg = Debug|Any CPU
		{42A24376-E77E-4CAB-ABF2-BE906DB77575}.Debug|Any CPU.Build.0 = Debug|Any CPU
		{42A24376-E77E-4CAB-ABF2-BE906DB77575}.Release|Any CPU.ActiveCfg = Release|Any CPU
		{42A24376-E77E-4CAB-ABF2-BE906DB77575}.Release|Any CPU.Build.0 = Release|Any CPU
	EndGlobalSection
	GlobalSection(SolutionProperties) = preSolution
		HideSolutionNode = FALSE
	EndGlobalSection
	GlobalSection(ExtensibilityGlobals) = postSolution
		SolutionGuid = {F424D7E3-C215-49A6-B00C-DA262207292A}
	EndGlobalSection
EndGlobal
